
Microsoft Visual Studio Solution File, Format Version 12.00
# Visual Studio 15
VisualStudioVersion = 15.0.26730.12
MinimumVisualStudioVersion = 10.0.40219.1
Project("{FAE04EC0-301F-11D3-BF4B-00C04F79EFBC}") = "Resources", "Resources\Resources.csproj", "{DA562CCD-920E-4D4C-9CB7-D594CE96F302}"
EndProject
Project("{FAE04EC0-301F-11D3-BF4B-00C04F79EFBC}") = "Controller", "Controller\Controller.csproj", "{0E4F88A2-EB10-4E7A-A268-5D888226C3F6}"
EndProject
Project("{FAE04EC0-301F-11D3-BF4B-00C04F79EFBC}") = "Networking", "Networking\Networking.csproj", "{45F0D777-CD1C-4F3C-A4C0-762EB1EB8DB9}"
EndProject
Project("{FAE04EC0-301F-11D3-BF4B-00C04F79EFBC}") = "GameComponents", "GameComponents\GameComponents.csproj", "{8ECBF14A-8ED0-4ED5-AC25-DD4B41E8BAC0}"
EndProject
Project("{FAE04EC0-301F-11D3-BF4B-00C04F79EFBC}") = "Client", "View\Client.csproj", "{093C1891-4CA4-450C-81A4-1AAACA9507EA}"
EndProject
Project("{FAE04EC0-301F-11D3-BF4B-00C04F79EFBC}") = "MP3Player", "MP3Player\MP3Player.csproj", "{14FB94D4-0535-417D-AC81-56D5276F855B}"
EndProject
Project("{FAE04EC0-301F-11D3-BF4B-00C04F79EFBC}") = "WorldPanel", "WorldPanel\WorldPanel.csproj", "{D4979BD0-AF18-45B2-9819-5AC9F299292B}"
EndProject
Project("{FAE04EC0-301F-11D3-BF4B-00C04F79EFBC}") = "ScoreboardPanel", "ScoreboardPanel\ScoreboardPanel.csproj", "{3E434551-4E90-4CF4-A684-7657EE418CBB}"
EndProject
Project("{FAE04EC0-301F-11D3-BF4B-00C04F79EFBC}") = "Vector2D", "Vector2D\Vector2D.csproj", "{66C73678-C0B2-477E-A1FD-CF48D38961AF}"
EndProject
Project("{FAE04EC0-301F-11D3-BF4B-00C04F79EFBC}") = "World", "World\World.csproj", "{5A77CEDF-4A58-4138-8CCC-083CB198D2C8}"
EndProject
Project("{2150E333-8FDC-42A3-9474-1A3956D46DE8}") = "Model Projects", "Model Projects", "{F7DED078-03C8-4E25-8D30-67275C44DAAF}"
EndProject
Project("{2150E333-8FDC-42A3-9474-1A3956D46DE8}") = "View Projects", "View Projects", "{E1AD77C2-8281-4C26-8627-D407C431D36C}"
EndProject
Project("{2150E333-8FDC-42A3-9474-1A3956D46DE8}") = "Controller Projects", "Controller Projects", "{F33033F4-6BC8-4D2C-BDD5-01906ABBBC81}"
EndProject
Project("{FAE04EC0-301F-11D3-BF4B-00C04F79EFBC}") = "Server", "Server\Server.csproj", "{BB94FA7F-273D-4EBE-944B-F88DBBAEF6EF}"
EndProject
Project("{FAE04EC0-301F-11D3-BF4B-00C04F79EFBC}") = "WorldTests", "WorldTests\WorldTests.csproj", "{E4005B5B-58CB-47F0-B8E7-E57D8F0B9AC8}"
EndProject
Global
	GlobalSection(SolutionConfigurationPlatforms) = preSolution
		Debug|Any CPU = Debug|Any CPU
		Release|Any CPU = Release|Any CPU
	EndGlobalSection
	GlobalSection(ProjectConfigurationPlatforms) = postSolution
		{DA562CCD-920E-4D4C-9CB7-D594CE96F302}.Debug|Any CPU.ActiveCfg = Debug|Any CPU
		{DA562CCD-920E-4D4C-9CB7-D594CE96F302}.Release|Any CPU.ActiveCfg = Release|Any CPU
		{DA562CCD-920E-4D4C-9CB7-D594CE96F302}.Release|Any CPU.Build.0 = Release|Any CPU
		{0E4F88A2-EB10-4E7A-A268-5D888226C3F6}.Debug|Any CPU.ActiveCfg = Debug|Any CPU
		{0E4F88A2-EB10-4E7A-A268-5D888226C3F6}.Debug|Any CPU.Build.0 = Debug|Any CPU
		{0E4F88A2-EB10-4E7A-A268-5D888226C3F6}.Release|Any CPU.ActiveCfg = Release|Any CPU
		{0E4F88A2-EB10-4E7A-A268-5D888226C3F6}.Release|Any CPU.Build.0 = Release|Any CPU
		{45F0D777-CD1C-4F3C-A4C0-762EB1EB8DB9}.Debug|Any CPU.ActiveCfg = Debug|Any CPU
		{45F0D777-CD1C-4F3C-A4C0-762EB1EB8DB9}.Debug|Any CPU.Build.0 = Debug|Any CPU
		{45F0D777-CD1C-4F3C-A4C0-762EB1EB8DB9}.Release|Any CPU.ActiveCfg = Release|Any CPU
		{45F0D777-CD1C-4F3C-A4C0-762EB1EB8DB9}.Release|Any CPU.Build.0 = Release|Any CPU
		{8ECBF14A-8ED0-4ED5-AC25-DD4B41E8BAC0}.Debug|Any CPU.ActiveCfg = Debug|Any CPU
		{8ECBF14A-8ED0-4ED5-AC25-DD4B41E8BAC0}.Debug|Any CPU.Build.0 = Debug|Any CPU
		{8ECBF14A-8ED0-4ED5-AC25-DD4B41E8BAC0}.Release|Any CPU.ActiveCfg = Release|Any CPU
		{8ECBF14A-8ED0-4ED5-AC25-DD4B41E8BAC0}.Release|Any CPU.Build.0 = Release|Any CPU
		{093C1891-4CA4-450C-81A4-1AAACA9507EA}.Debug|Any CPU.ActiveCfg = Debug|Any CPU
		{093C1891-4CA4-450C-81A4-1AAACA9507EA}.Debug|Any CPU.Build.0 = Debug|Any CPU
		{093C1891-4CA4-450C-81A4-1AAACA9507EA}.Release|Any CPU.ActiveCfg = Release|Any CPU
		{093C1891-4CA4-450C-81A4-1AAACA9507EA}.Release|Any CPU.Build.0 = Release|Any CPU
		{14FB94D4-0535-417D-AC81-56D5276F855B}.Debug|Any CPU.ActiveCfg = Debug|Any CPU
		{14FB94D4-0535-417D-AC81-56D5276F855B}.Debug|Any CPU.Build.0 = Debug|Any CPU
		{14FB94D4-0535-417D-AC81-56D5276F855B}.Release|Any CPU.ActiveCfg = Release|Any CPU
		{14FB94D4-0535-417D-AC81-56D5276F855B}.Release|Any CPU.Build.0 = Release|Any CPU
		{D4979BD0-AF18-45B2-9819-5AC9F299292B}.Debug|Any CPU.ActiveCfg = Debug|Any CPU
		{D4979BD0-AF18-45B2-9819-5AC9F299292B}.Debug|Any CPU.Build.0 = Debug|Any CPU
		{D4979BD0-AF18-45B2-9819-5AC9F299292B}.Release|Any CPU.ActiveCfg = Release|Any CPU
		{D4979BD0-AF18-45B2-9819-5AC9F299292B}.Release|Any CPU.Build.0 = Release|Any CPU
		{3E434551-4E90-4CF4-A684-7657EE418CBB}.Debug|Any CPU.ActiveCfg = Debug|Any CPU
		{3E434551-4E90-4CF4-A684-7657EE418CBB}.Debug|Any CPU.Build.0 = Debug|Any CPU
		{3E434551-4E90-4CF4-A684-7657EE418CBB}.Release|Any CPU.ActiveCfg = Release|Any CPU
		{3E434551-4E90-4CF4-A684-7657EE418CBB}.Release|Any CPU.Build.0 = Release|Any CPU
		{66C73678-C0B2-477E-A1FD-CF48D38961AF}.Debug|Any CPU.ActiveCfg = Debug|Any CPU
		{66C73678-C0B2-477E-A1FD-CF48D38961AF}.Debug|Any CPU.Build.0 = Debug|Any CPU
		{66C73678-C0B2-477E-A1FD-CF48D38961AF}.Release|Any CPU.ActiveCfg = Release|Any CPU
		{66C73678-C0B2-477E-A1FD-CF48D38961AF}.Release|Any CPU.Build.0 = Release|Any CPU
		{5A77CEDF-4A58-4138-8CCC-083CB198D2C8}.Debug|Any CPU.ActiveCfg = Debug|Any CPU
		{5A77CEDF-4A58-4138-8CCC-083CB198D2C8}.Debug|Any CPU.Build.0 = Debug|Any CPU
		{5A77CEDF-4A58-4138-8CCC-083CB198D2C8}.Release|Any CPU.ActiveCfg = Release|Any CPU
		{5A77CEDF-4A58-4138-8CCC-083CB198D2C8}.Release|Any CPU.Build.0 = Release|Any CPU
		{BB94FA7F-273D-4EBE-944B-F88DBBAEF6EF}.Debug|Any CPU.ActiveCfg = Debug|Any CPU
		{BB94FA7F-273D-4EBE-944B-F88DBBAEF6EF}.Debug|Any CPU.Build.0 = Debug|Any CPU
		{BB94FA7F-273D-4EBE-944B-F88DBBAEF6EF}.Release|Any CPU.ActiveCfg = Release|Any CPU
		{BB94FA7F-273D-4EBE-944B-F88DBBAEF6EF}.Release|Any CPU.Build.0 = Release|Any CPU
		{E4005B5B-58CB-47F0-B8E7-E57D8F0B9AC8}.Debug|Any CPU.ActiveCfg = Debug|Any CPU
		{E4005B5B-58CB-47F0-B8E7-E57D8F0B9AC8}.Debug|Any CPU.Build.0 = Debug|Any CPU
		{E4005B5B-58CB-47F0-B8E7-E57D8F0B9AC8}.Release|Any CPU.ActiveCfg = Release|Any CPU
		{E4005B5B-58CB-47F0-B8E7-E57D8F0B9AC8}.Release|Any CPU.Build.0 = Release|Any CPU
	EndGlobalSection
	GlobalSection(SolutionProperties) = preSolution
		HideSolutionNode = FALSE
	EndGlobalSection
	GlobalSection(NestedProjects) = preSolution
		{0E4F88A2-EB10-4E7A-A268-5D888226C3F6} = {F33033F4-6BC8-4D2C-BDD5-01906ABBBC81}
		{45F0D777-CD1C-4F3C-A4C0-762EB1EB8DB9} = {F33033F4-6BC8-4D2C-BDD5-01906ABBBC81}
		{8ECBF14A-8ED0-4ED5-AC25-DD4B41E8BAC0} = {F7DED078-03C8-4E25-8D30-67275C44DAAF}
		{093C1891-4CA4-450C-81A4-1AAACA9507EA} = {E1AD77C2-8281-4C26-8627-D407C431D36C}
		{14FB94D4-0535-417D-AC81-56D5276F855B} = {E1AD77C2-8281-4C26-8627-D407C431D36C}
		{D4979BD0-AF18-45B2-9819-5AC9F299292B} = {E1AD77C2-8281-4C26-8627-D407C431D36C}
		{3E434551-4E90-4CF4-A684-7657EE418CBB} = {E1AD77C2-8281-4C26-8627-D407C431D36C}
		{66C73678-C0B2-477E-A1FD-CF48D38961AF} = {F7DED078-03C8-4E25-8D30-67275C44DAAF}
		{5A77CEDF-4A58-4138-8CCC-083CB198D2C8} = {F7DED078-03C8-4E25-8D30-67275C44DAAF}
		{E4005B5B-58CB-47F0-B8E7-E57D8F0B9AC8} = {F7DED078-03C8-4E25-8D30-67275C44DAAF}
		{BB94FA7F-273D-4EBE-944B-F88DBBAEF6EF} = {E1AD77C2-8281-4C26-8627-D407C431D36C}
	EndGlobalSection
	GlobalSection(ExtensibilityGlobals) = postSolution
		SolutionGuid = {FA88E468-FA51-4B6C-84C1-321CBFB2D6EC}
	EndGlobalSection
EndGlobal
