
Microsoft Visual Studio Solution File, Format Version 12.00
# Visual Studio 15
VisualStudioVersion = 15.0.26730.12
MinimumVisualStudioVersion = 10.0.40219.1
Project("{FAE04EC0-301F-11D3-BF4B-00C04F79EFBC}") = "View", "View\View.csproj", "{2B200A53-1C9C-4307-8022-0447DF20E5B6}"
EndProject
Project("{FAE04EC0-301F-11D3-BF4B-00C04F79EFBC}") = "Resources", "Resources\Resources.csproj", "{DA562CCD-920E-4D4C-9CB7-D594CE96F302}"
EndProject
Project("{FAE04EC0-301F-11D3-BF4B-00C04F79EFBC}") = "Controller", "Controller\Controller.csproj", "{0E4F88A2-EB10-4E7A-A268-5D888226C3F6}"
EndProject
Global
	GlobalSection(SolutionConfigurationPlatforms) = preSolution
		Debug|Any CPU = Debug|Any CPU
		Release|Any CPU = Release|Any CPU
	EndGlobalSection
	GlobalSection(ProjectConfigurationPlatforms) = postSolution
		{2B200A53-1C9C-4307-8022-0447DF20E5B6}.Debug|Any CPU.ActiveCfg = Debug|Any CPU
		{2B200A53-1C9C-4307-8022-0447DF20E5B6}.Debug|Any CPU.Build.0 = Debug|Any CPU
		{2B200A53-1C9C-4307-8022-0447DF20E5B6}.Release|Any CPU.ActiveCfg = Release|Any CPU
		{2B200A53-1C9C-4307-8022-0447DF20E5B6}.Release|Any CPU.Build.0 = Release|Any CPU
		{DA562CCD-920E-4D4C-9CB7-D594CE96F302}.Debug|Any CPU.ActiveCfg = Debug|Any CPU
		{DA562CCD-920E-4D4C-9CB7-D594CE96F302}.Release|Any CPU.ActiveCfg = Release|Any CPU
		{DA562CCD-920E-4D4C-9CB7-D594CE96F302}.Release|Any CPU.Build.0 = Release|Any CPU
		{0E4F88A2-EB10-4E7A-A268-5D888226C3F6}.Debug|Any CPU.ActiveCfg = Debug|Any CPU
		{0E4F88A2-EB10-4E7A-A268-5D888226C3F6}.Debug|Any CPU.Build.0 = Debug|Any CPU
		{0E4F88A2-EB10-4E7A-A268-5D888226C3F6}.Release|Any CPU.ActiveCfg = Release|Any CPU
		{0E4F88A2-EB10-4E7A-A268-5D888226C3F6}.Release|Any CPU.Build.0 = Release|Any CPU
	EndGlobalSection
	GlobalSection(SolutionProperties) = preSolution
		HideSolutionNode = FALSE
	EndGlobalSection
	GlobalSection(ExtensibilityGlobals) = postSolution
		SolutionGuid = {FA88E468-FA51-4B6C-84C1-321CBFB2D6EC}
	EndGlobalSection
EndGlobal
