
Microsoft Visual Studio Solution File, Format Version 12.00
# Visual Studio 15
VisualStudioVersion = 15.0.27004.2006
MinimumVisualStudioVersion = 10.0.40219.1
Project("{FAE04EC0-301F-11D3-BF4B-00C04F79EFBC}") = "Resources", "Resources\Resources.csproj", "{DA562CCD-920E-4D4C-9CB7-D594CE96F302}"
EndProject
Project("{FAE04EC0-301F-11D3-BF4B-00C04F79EFBC}") = "Controller", "Controller\Controller.csproj", "{0E4F88A2-EB10-4E7A-A268-5D888226C3F6}"
EndProject
Project("{FAE04EC0-301F-11D3-BF4B-00C04F79EFBC}") = "Networking", "Networking\Networking.csproj", "{45F0D777-CD1C-4F3C-A4C0-762EB1EB8DB9}"
EndProject
Project("{FAE04EC0-301F-11D3-BF4B-00C04F79EFBC}") = "GameComponents", "GameComponents\GameComponents.csproj", "{8ECBF14A-8ED0-4ED5-AC25-DD4B41E8BAC0}"
EndProject
Project("{FAE04EC0-301F-11D3-BF4B-00C04F79EFBC}") = "View", "View\View.csproj", "{093C1891-4CA4-450C-81A4-1AAACA9507EA}"
EndProject
Global
	GlobalSection(SolutionConfigurationPlatforms) = preSolution
		Debug|Any CPU = Debug|Any CPU
		Release|Any CPU = Release|Any CPU
	EndGlobalSection
	GlobalSection(ProjectConfigurationPlatforms) = postSolution
		{DA562CCD-920E-4D4C-9CB7-D594CE96F302}.Debug|Any CPU.ActiveCfg = Debug|Any CPU
		{DA562CCD-920E-4D4C-9CB7-D594CE96F302}.Release|Any CPU.ActiveCfg = Release|Any CPU
		{DA562CCD-920E-4D4C-9CB7-D594CE96F302}.Release|Any CPU.Build.0 = Release|Any CPU
		{0E4F88A2-EB10-4E7A-A268-5D888226C3F6}.Debug|Any CPU.ActiveCfg = Debug|Any CPU
		{0E4F88A2-EB10-4E7A-A268-5D888226C3F6}.Debug|Any CPU.Build.0 = Debug|Any CPU
		{0E4F88A2-EB10-4E7A-A268-5D888226C3F6}.Release|Any CPU.ActiveCfg = Release|Any CPU
		{0E4F88A2-EB10-4E7A-A268-5D888226C3F6}.Release|Any CPU.Build.0 = Release|Any CPU
		{45F0D777-CD1C-4F3C-A4C0-762EB1EB8DB9}.Debug|Any CPU.ActiveCfg = Debug|Any CPU
		{45F0D777-CD1C-4F3C-A4C0-762EB1EB8DB9}.Debug|Any CPU.Build.0 = Debug|Any CPU
		{45F0D777-CD1C-4F3C-A4C0-762EB1EB8DB9}.Release|Any CPU.ActiveCfg = Release|Any CPU
		{45F0D777-CD1C-4F3C-A4C0-762EB1EB8DB9}.Release|Any CPU.Build.0 = Release|Any CPU
		{8ECBF14A-8ED0-4ED5-AC25-DD4B41E8BAC0}.Debug|Any CPU.ActiveCfg = Debug|Any CPU
		{8ECBF14A-8ED0-4ED5-AC25-DD4B41E8BAC0}.Debug|Any CPU.Build.0 = Debug|Any CPU
		{8ECBF14A-8ED0-4ED5-AC25-DD4B41E8BAC0}.Release|Any CPU.ActiveCfg = Release|Any CPU
		{8ECBF14A-8ED0-4ED5-AC25-DD4B41E8BAC0}.Release|Any CPU.Build.0 = Release|Any CPU
		{093C1891-4CA4-450C-81A4-1AAACA9507EA}.Debug|Any CPU.ActiveCfg = Debug|Any CPU
		{093C1891-4CA4-450C-81A4-1AAACA9507EA}.Debug|Any CPU.Build.0 = Debug|Any CPU
		{093C1891-4CA4-450C-81A4-1AAACA9507EA}.Release|Any CPU.ActiveCfg = Release|Any CPU
		{093C1891-4CA4-450C-81A4-1AAACA9507EA}.Release|Any CPU.Build.0 = Release|Any CPU
	EndGlobalSection
	GlobalSection(SolutionProperties) = preSolution
		HideSolutionNode = FALSE
	EndGlobalSection
	GlobalSection(ExtensibilityGlobals) = postSolution
		SolutionGuid = {FA88E468-FA51-4B6C-84C1-321CBFB2D6EC}
	EndGlobalSection
EndGlobal
