
Microsoft Visual Studio Solution File, Format Version 12.00
# Visual Studio 15
VisualStudioVersion = 15.0.26730.8
MinimumVisualStudioVersion = 10.0.40219.1
Project("{FAE04EC0-301F-11D3-BF4B-00C04F79EFBC}") = "SpreadsheetUtilities", "SpreadsheetUtilities\SpreadsheetUtilities.csproj", "{5F68BF77-3A8D-40BF-87A2-84F2BCBA95D2}"
EndProject
Project("{FAE04EC0-301F-11D3-BF4B-00C04F79EFBC}") = "DevelopmentTests", "DevelopmentTests\DevelopmentTests.csproj", "{EA2D9960-7E32-48C7-9531-C2DDE02399B3}"
EndProject
Global
	GlobalSection(SolutionConfigurationPlatforms) = preSolution
		Debug|Any CPU = Debug|Any CPU
		Release|Any CPU = Release|Any CPU
	EndGlobalSection
	GlobalSection(ProjectConfigurationPlatforms) = postSolution
		{5F68BF77-3A8D-40BF-87A2-84F2BCBA95D2}.Debug|Any CPU.ActiveCfg = Debug|Any CPU
		{5F68BF77-3A8D-40BF-87A2-84F2BCBA95D2}.Debug|Any CPU.Build.0 = Debug|Any CPU
		{5F68BF77-3A8D-40BF-87A2-84F2BCBA95D2}.Release|Any CPU.ActiveCfg = Release|Any CPU
		{5F68BF77-3A8D-40BF-87A2-84F2BCBA95D2}.Release|Any CPU.Build.0 = Release|Any CPU
		{EA2D9960-7E32-48C7-9531-C2DDE02399B3}.Debug|Any CPU.ActiveCfg = Debug|Any CPU
		{EA2D9960-7E32-48C7-9531-C2DDE02399B3}.Debug|Any CPU.Build.0 = Debug|Any CPU
		{EA2D9960-7E32-48C7-9531-C2DDE02399B3}.Release|Any CPU.ActiveCfg = Release|Any CPU
		{EA2D9960-7E32-48C7-9531-C2DDE02399B3}.Release|Any CPU.Build.0 = Release|Any CPU
	EndGlobalSection
	GlobalSection(SolutionProperties) = preSolution
		HideSolutionNode = FALSE
	EndGlobalSection
	GlobalSection(ExtensibilityGlobals) = postSolution
		SolutionGuid = {A587E47F-F008-478F-A29D-469C294F8515}
	EndGlobalSection
EndGlobal
