
Microsoft Visual Studio Solution File, Format Version 12.00
# Visual Studio 15
VisualStudioVersion = 15.0.26730.8
MinimumVisualStudioVersion = 10.0.40219.1
Project("{FAE04EC0-301F-11D3-BF4B-00C04F79EFBC}") = "Spreadsheet", "Spreadsheet\Spreadsheet.csproj", "{D54038D9-B157-4517-80F5-B4756633B764}"
EndProject
Project("{FAE04EC0-301F-11D3-BF4B-00C04F79EFBC}") = "Resources", "Resources\Resources.csproj", "{35957445-4760-4B01-A95B-379F55E6C3F7}"
EndProject
Project("{FAE04EC0-301F-11D3-BF4B-00C04F79EFBC}") = "SpreadsheetTests", "SpreadsheetTests\SpreadsheetTests.csproj", "{E500A019-467C-42B2-988E-9380980280D7}"
EndProject
Global
	GlobalSection(SolutionConfigurationPlatforms) = preSolution
		Debug|Any CPU = Debug|Any CPU
		Release|Any CPU = Release|Any CPU
	EndGlobalSection
	GlobalSection(ProjectConfigurationPlatforms) = postSolution
		{D54038D9-B157-4517-80F5-B4756633B764}.Debug|Any CPU.ActiveCfg = Debug|Any CPU
		{D54038D9-B157-4517-80F5-B4756633B764}.Debug|Any CPU.Build.0 = Debug|Any CPU
		{D54038D9-B157-4517-80F5-B4756633B764}.Release|Any CPU.ActiveCfg = Release|Any CPU
		{D54038D9-B157-4517-80F5-B4756633B764}.Release|Any CPU.Build.0 = Release|Any CPU
		{35957445-4760-4B01-A95B-379F55E6C3F7}.Debug|Any CPU.ActiveCfg = Debug|Any CPU
		{35957445-4760-4B01-A95B-379F55E6C3F7}.Release|Any CPU.ActiveCfg = Release|Any CPU
		{35957445-4760-4B01-A95B-379F55E6C3F7}.Release|Any CPU.Build.0 = Release|Any CPU
		{E500A019-467C-42B2-988E-9380980280D7}.Debug|Any CPU.ActiveCfg = Debug|Any CPU
		{E500A019-467C-42B2-988E-9380980280D7}.Debug|Any CPU.Build.0 = Debug|Any CPU
		{E500A019-467C-42B2-988E-9380980280D7}.Release|Any CPU.ActiveCfg = Release|Any CPU
		{E500A019-467C-42B2-988E-9380980280D7}.Release|Any CPU.Build.0 = Release|Any CPU
	EndGlobalSection
	GlobalSection(SolutionProperties) = preSolution
		HideSolutionNode = FALSE
	EndGlobalSection
	GlobalSection(ExtensibilityGlobals) = postSolution
		SolutionGuid = {F0AE7A2A-29D1-46AA-BF7C-CC390368165B}
	EndGlobalSection
EndGlobal
