
Microsoft Visual Studio Solution File, Format Version 12.00
# Visual Studio 15
VisualStudioVersion = 15.0.26730.8
MinimumVisualStudioVersion = 10.0.40219.1
Project("{FAE04EC0-301F-11D3-BF4B-00C04F79EFBC}") = "Lab 1", "ConsoleApp1\Lab 1.csproj", "{6E16D0EB-DC65-45DA-B43F-274DAEC8828F}"
EndProject
Global
	GlobalSection(SolutionConfigurationPlatforms) = preSolution
		Debug|Any CPU = Debug|Any CPU
		Release|Any CPU = Release|Any CPU
	EndGlobalSection
	GlobalSection(ProjectConfigurationPlatforms) = postSolution
		{6E16D0EB-DC65-45DA-B43F-274DAEC8828F}.Debug|Any CPU.ActiveCfg = Debug|Any CPU
		{6E16D0EB-DC65-45DA-B43F-274DAEC8828F}.Debug|Any CPU.Build.0 = Debug|Any CPU
		{6E16D0EB-DC65-45DA-B43F-274DAEC8828F}.Release|Any CPU.ActiveCfg = Release|Any CPU
		{6E16D0EB-DC65-45DA-B43F-274DAEC8828F}.Release|Any CPU.Build.0 = Release|Any CPU
	EndGlobalSection
	GlobalSection(SolutionProperties) = preSolution
		HideSolutionNode = FALSE
	EndGlobalSection
	GlobalSection(ExtensibilityGlobals) = postSolution
		SolutionGuid = {4F3BC8F8-B3F7-4F30-9D01-BDA568DFA9C1}
	EndGlobalSection
EndGlobal
