
Microsoft Visual Studio Solution File, Format Version 12.00
# Visual Studio 15
VisualStudioVersion = 15.0.26730.8
MinimumVisualStudioVersion = 10.0.40219.1
Project("{FAE04EC0-301F-11D3-BF4B-00C04F79EFBC}") = "ForumlaEvaluator", "ForumlaEvaluator\ForumlaEvaluator.csproj", "{827CD8CB-E456-46B1-AFEC-40E4E459FEE2}"
EndProject
Global
	GlobalSection(SolutionConfigurationPlatforms) = preSolution
		Debug|Any CPU = Debug|Any CPU
		Release|Any CPU = Release|Any CPU
	EndGlobalSection
	GlobalSection(ProjectConfigurationPlatforms) = postSolution
		{827CD8CB-E456-46B1-AFEC-40E4E459FEE2}.Debug|Any CPU.ActiveCfg = Debug|Any CPU
		{827CD8CB-E456-46B1-AFEC-40E4E459FEE2}.Debug|Any CPU.Build.0 = Debug|Any CPU
		{827CD8CB-E456-46B1-AFEC-40E4E459FEE2}.Release|Any CPU.ActiveCfg = Release|Any CPU
		{827CD8CB-E456-46B1-AFEC-40E4E459FEE2}.Release|Any CPU.Build.0 = Release|Any CPU
	EndGlobalSection
	GlobalSection(SolutionProperties) = preSolution
		HideSolutionNode = FALSE
	EndGlobalSection
	GlobalSection(ExtensibilityGlobals) = postSolution
		SolutionGuid = {527B9905-8D1D-4863-AB28-424BC87014B1}
	EndGlobalSection
EndGlobal
